PODS:
  - Alamofire (5.2.2)
  - JGProgressHUD (2.1)

DEPENDENCIES:
  - Alamofire
  - JGProgressHUD

SPEC REPOS:
  trunk:
    - Alamofire
    - JGProgressHUD

SPEC CHECKSUMS:
  Alamofire: 814429acc853c6c54ff123fc3d2ef66803823ce0
  JGProgressHUD: aa403e9a5b45cae98903c4600cccdd98c0c3ec90

PODFILE CHECKSUM: 5c6a632d032929b891654c5ce1b665c1266c6084

COCOAPODS: 1.9.3
